// !$*UTF8*$!
{
	archiveVersion = 1;
	classes = {
	};
	objectVersion = 48;
	objects = {

/* Begin PBXBuildFile section */
		6E258A722012D9D500D8666A /* AppDelegate.swift in Sources */ = {isa = PBXBuildFile; fileRef = 6E258A712012D9D500D8666A /* AppDelegate.swift */; };
		6E258A742012D9D500D8666A /* FeedController.swift in Sources */ = {isa = PBXBuildFile; fileRef = 6E258A732012D9D500D8666A /* FeedController.swift */; };
		6E258A7C2012D9D500D8666A /* LaunchScreen.storyboard in Resources */ = {isa = PBXBuildFile; fileRef = 6E258A7A2012D9D500D8666A /* LaunchScreen.storyboard */; };
		6EC47E1620448AF000CDCB77 /* CustomTabBarController.swift in Sources */ = {isa = PBXBuildFile; fileRef = 6EC47E1520448AF000CDCB77 /* CustomTabBarController.swift */; };
		6EC47E1820448DD100CDCB77 /* FriendRequestsController.swift in Sources */ = {isa = PBXBuildFile; fileRef = 6EC47E1720448DD100CDCB77 /* FriendRequestsController.swift */; };
		6EC47E1A20448E2700CDCB77 /* Extensions.swift in Sources */ = {isa = PBXBuildFile; fileRef = 6EC47E1920448E2700CDCB77 /* Extensions.swift */; };
		6EC47E2420449D1B00CDCB77 /* FeedCell.swift in Sources */ = {isa = PBXBuildFile; fileRef = 6EC47E2320449D1B00CDCB77 /* FeedCell.swift */; };
		6EC47E2720449DA000CDCB77 /* Post.swift in Sources */ = {isa = PBXBuildFile; fileRef = 6EC47E2620449DA000CDCB77 /* Post.swift */; };
		6EC47E292044A32800CDCB77 /* Assets.xcassets in Resources */ = {isa = PBXBuildFile; fileRef = 6EC47E282044A32800CDCB77 /* Assets.xcassets */; };
		6EC47E2B2044AA1500CDCB77 /* FriendRequestCell.swift in Sources */ = {isa = PBXBuildFile; fileRef = 6EC47E2A2044AA1500CDCB77 /* FriendRequestCell.swift */; };
		6EC47E2D2044AB9D00CDCB77 /* RequestHeader.swift in Sources */ = {isa = PBXBuildFile; fileRef = 6EC47E2C2044AB9D00CDCB77 /* RequestHeader.swift */; };
/* End PBXBuildFile section */

/* Begin PBXFileReference section */
		6E258A6E2012D9D500D8666A /* FacebookNewsFeed.app */ = {isa = PBXFileReference; explicitFileType = wrapper.application; includeInIndex = 0; path = FacebookNewsFeed.app; sourceTree = BUILT_PRODUCTS_DIR; };
		6E258A712012D9D500D8666A /* AppDelegate.swift */ = {isa = PBXFileReference; lastKnownFileType = sourcecode.swift; path = AppDelegate.swift; sourceTree = "<group>"; };
		6E258A732012D9D500D8666A /* FeedController.swift */ = {isa = PBXFileReference; lastKnownFileType = sourcecode.swift; path = FeedController.swift; sourceTree = "<group>"; };
		6E258A7B2012D9D500D8666A /* Base */ = {isa = PBXFileReference; lastKnownFileType = file.storyboard; name = Base; path = Base.lproj/LaunchScreen.storyboard; sourceTree = "<group>"; };
		6E258A7D2012D9D500D8666A /* Info.plist */ = {isa = PBXFileReference; lastKnownFileType = text.plist.xml; path = Info.plist; sourceTree = "<group>"; };
		6EC47E1520448AF000CDCB77 /* CustomTabBarController.swift */ = {isa = PBXFileReference; lastKnownFileType = sourcecode.swift; path = CustomTabBarController.swift; sourceTree = "<group>"; };
		6EC47E1720448DD100CDCB77 /* FriendRequestsController.swift */ = {isa = PBXFileReference; lastKnownFileType = sourcecode.swift; path = FriendRequestsController.swift; sourceTree = "<group>"; };
		6EC47E1920448E2700CDCB77 /* Extensions.swift */ = {isa = PBXFileReference; lastKnownFileType = sourcecode.swift; path = Extensions.swift; sourceTree = "<group>"; };
		6EC47E2320449D1B00CDCB77 /* FeedCell.swift */ = {isa = PBXFileReference; lastKnownFileType = sourcecode.swift; path = FeedCell.swift; sourceTree = "<group>"; };
		6EC47E2620449DA000CDCB77 /* Post.swift */ = {isa = PBXFileReference; lastKnownFileType = sourcecode.swift; path = Post.swift; sourceTree = "<group>"; };
		6EC47E282044A32800CDCB77 /* Assets.xcassets */ = {isa = PBXFileReference; lastKnownFileType = folder.assetcatalog; name = Assets.xcassets; path = ../../../.Trash/Assets.xcassets; sourceTree = "<group>"; };
		6EC47E2A2044AA1500CDCB77 /* FriendRequestCell.swift */ = {isa = PBXFileReference; lastKnownFileType = sourcecode.swift; path = FriendRequestCell.swift; sourceTree = "<group>"; };
		6EC47E2C2044AB9D00CDCB77 /* RequestHeader.swift */ = {isa = PBXFileReference; lastKnownFileType = sourcecode.swift; path = RequestHeader.swift; sourceTree = "<group>"; };
/* End PBXFileReference section */

/* Begin PBXFrameworksBuildPhase section */
		6E258A6B2012D9D500D8666A /* Frameworks */ = {
			isa = PBXFrameworksBuildPhase;
			buildActionMask = 2147483647;
			files = (
			);
			runOnlyForDeploymentPostprocessing = 0;
		};
/* End PBXFrameworksBuildPhase section */

/* Begin PBXGroup section */
		6E258A652012D9D500D8666A = {
			isa = PBXGroup;
			children = (
				6E258A702012D9D500D8666A /* FacebookNewsFeed */,
				6E258A6F2012D9D500D8666A /* Products */,
			);
			sourceTree = "<group>";
		};
		6E258A6F2012D9D500D8666A /* Products */ = {
			isa = PBXGroup;
			children = (
				6E258A6E2012D9D500D8666A /* FacebookNewsFeed.app */,
			);
			name = Products;
			sourceTree = "<group>";
		};
		6E258A702012D9D500D8666A /* FacebookNewsFeed */ = {
			isa = PBXGroup;
			children = (
				6EC47E2120449BD600CDCB77 /* AppDelegate */,
				6EC47E1B20449B5600CDCB77 /* Resources */,
				6EC47E2220449C8E00CDCB77 /* Extensions */,
				6EC47E1F20449BA800CDCB77 /* Models */,
				6EC47E2520449D6800CDCB77 /* Views */,
				6EC47E1E20449B9B00CDCB77 /* Controllers */,
			);
			path = FacebookNewsFeed;
			sourceTree = "<group>";
		};
		6EC47E1B20449B5600CDCB77 /* Resources */ = {
			isa = PBXGroup;
			children = (
				6EC47E282044A32800CDCB77 /* Assets.xcassets */,
				6E258A7A2012D9D500D8666A /* LaunchScreen.storyboard */,
				6E258A7D2012D9D500D8666A /* Info.plist */,
			);
			path = Resources;
			sourceTree = "<group>";
		};
		6EC47E1E20449B9B00CDCB77 /* Controllers */ = {
			isa = PBXGroup;
			children = (
				6E258A732012D9D500D8666A /* FeedController.swift */,
				6EC47E1520448AF000CDCB77 /* CustomTabBarController.swift */,
				6EC47E1720448DD100CDCB77 /* FriendRequestsController.swift */,
			);
			path = Controllers;
			sourceTree = "<group>";
		};
		6EC47E1F20449BA800CDCB77 /* Models */ = {
			isa = PBXGroup;
			children = (
				6EC47E2620449DA000CDCB77 /* Post.swift */,
			);
			path = Models;
			sourceTree = "<group>";
		};
		6EC47E2020449BB600CDCB77 /* Cells */ = {
			isa = PBXGroup;
			children = (
				6EC47E2320449D1B00CDCB77 /* FeedCell.swift */,
				6EC47E2A2044AA1500CDCB77 /* FriendRequestCell.swift */,
				6EC47E2C2044AB9D00CDCB77 /* RequestHeader.swift */,
			);
			path = Cells;
			sourceTree = "<group>";
		};
		6EC47E2120449BD600CDCB77 /* AppDelegate */ = {
			isa = PBXGroup;
			children = (
				6E258A712012D9D500D8666A /* AppDelegate.swift */,
			);
			path = AppDelegate;
			sourceTree = "<group>";
		};
		6EC47E2220449C8E00CDCB77 /* Extensions */ = {
			isa = PBXGroup;
			children = (
				6EC47E1920448E2700CDCB77 /* Extensions.swift */,
			);
			path = Extensions;
			sourceTree = "<group>";
		};
		6EC47E2520449D6800CDCB77 /* Views */ = {
			isa = PBXGroup;
			children = (
				6EC47E2020449BB600CDCB77 /* Cells */,
			);
			path = Views;
			sourceTree = "<group>";
		};
/* End PBXGroup section */

/* Begin PBXNativeTarget section */
		6E258A6D2012D9D500D8666A /* FacebookNewsFeed */ = {
			isa = PBXNativeTarget;
			buildConfigurationList = 6E258A802012D9D500D8666A /* Build configuration list for PBXNativeTarget "FacebookNewsFeed" */;
			buildPhases = (
				6E258A6A2012D9D500D8666A /* Sources */,
				6E258A6B2012D9D500D8666A /* Frameworks */,
				6E258A6C2012D9D500D8666A /* Resources */,
			);
			buildRules = (
			);
			dependencies = (
			);
			name = FacebookNewsFeed;
			productName = FacebookNewsFeed;
			productReference = 6E258A6E2012D9D500D8666A /* FacebookNewsFeed.app */;
			productType = "com.apple.product-type.application";
		};
/* End PBXNativeTarget section */

/* Begin PBXProject section */
		6E258A662012D9D500D8666A /* Project object */ = {
			isa = PBXProject;
			attributes = {
				LastSwiftUpdateCheck = 0920;
				LastUpgradeCheck = 0920;
				ORGANIZATIONNAME = "Lucas Nascimento";
				TargetAttributes = {
					6E258A6D2012D9D500D8666A = {
						CreatedOnToolsVersion = 9.2;
						ProvisioningStyle = Automatic;
					};
				};
			};
			buildConfigurationList = 6E258A692012D9D500D8666A /* Build configuration list for PBXProject "FacebookNewsFeed" */;
			compatibilityVersion = "Xcode 8.0";
			developmentRegion = en;
			hasScannedForEncodings = 0;
			knownRegions = (
				en,
				Base,
			);
			mainGroup = 6E258A652012D9D500D8666A;
			productRefGroup = 6E258A6F2012D9D500D8666A /* Products */;
			projectDirPath = "";
			projectRoot = "";
			targets = (
				6E258A6D2012D9D500D8666A /* FacebookNewsFeed */,
			);
		};
/* End PBXProject section */

/* Begin PBXResourcesBuildPhase section */
		6E258A6C2012D9D500D8666A /* Resources */ = {
			isa = PBXResourcesBuildPhase;
			buildActionMask = 2147483647;
			files = (
				6EC47E292044A32800CDCB77 /* Assets.xcassets in Resources */,
				6E258A7C2012D9D500D8666A /* LaunchScreen.storyboard in Resources */,
			);
			runOnlyForDeploymentPostprocessing = 0;
		};
/* End PBXResourcesBuildPhase section */

/* Begin PBXSourcesBuildPhase section */
		6E258A6A2012D9D500D8666A /* Sources */ = {
			isa = PBXSourcesBuildPhase;
			buildActionMask = 2147483647;
			files = (
				6EC47E1A20448E2700CDCB77 /* Extensions.swift in Sources */,
				6E258A742012D9D500D8666A /* FeedController.swift in Sources */,
				6EC47E1820448DD100CDCB77 /* FriendRequestsController.swift in Sources */,
				6EC47E2B2044AA1500CDCB77 /* FriendRequestCell.swift in Sources */,
				6EC47E2D2044AB9D00CDCB77 /* RequestHeader.swift in Sources */,
				6E258A722012D9D500D8666A /* AppDelegate.swift in Sources */,
				6EC47E1620448AF000CDCB77 /* CustomTabBarController.swift in Sources */,
				6EC47E2720449DA000CDCB77 /* Post.swift in Sources */,
				6EC47E2420449D1B00CDCB77 /* FeedCell.swift in Sources */,
			);
			runOnlyForDeploymentPostprocessing = 0;
		};
/* End PBXSourcesBuildPhase section */

/* Begin PBXVariantGroup section */
		6E258A7A2012D9D500D8666A /* LaunchScreen.storyboard */ = {
			isa = PBXVariantGroup;
			children = (
				6E258A7B2012D9D500D8666A /* Base */,
			);
			name = LaunchScreen.storyboard;
			sourceTree = "<group>";
		};
/* End PBXVariantGroup section */

/* Begin XCBuildConfiguration section */
		6E258A7E2012D9D500D8666A /* Debug */ = {
			isa = XCBuildConfiguration;
			buildSettings = {
				ALWAYS_SEARCH_USER_PATHS = NO;
				CLANG_ANALYZER_NONNULL = YES;
				CLANG_ANALYZER_NUMBER_OBJECT_CONVERSION = YES_AGGRESSIVE;
				CLANG_CXX_LANGUAGE_STANDARD = "gnu++14";
				CLANG_CXX_LIBRARY = "libc++";
				CLANG_ENABLE_MODULES = YES;
				CLANG_ENABLE_OBJC_ARC = YES;
				CLANG_WARN_BLOCK_CAPTURE_AUTORELEASING = YES;
				CLANG_WARN_BOOL_CONVERSION = YES;
				CLANG_WARN_COMMA = YES;
				CLANG_WARN_CONSTANT_CONVERSION = YES;
				CLANG_WARN_DIRECT_OBJC_ISA_USAGE = YES_ERROR;
				CLANG_WARN_DOCUMENTATION_COMMENTS = YES;
				CLANG_WARN_EMPTY_BODY = YES;
				CLANG_WARN_ENUM_CONVERSION = YES;
				CLANG_WARN_INFINITE_RECURSION = YES;
				CLANG_WARN_INT_CONVERSION = YES;
				CLANG_WARN_NON_LITERAL_NULL_CONVERSION = YES;
				CLANG_WARN_OBJC_LITERAL_CONVERSION = YES;
				CLANG_WARN_OBJC_ROOT_CLASS = YES_ERROR;
				CLANG_WARN_RANGE_LOOP_ANALYSIS = YES;
				CLANG_WARN_STRICT_PROTOTYPES = YES;
				CLANG_WARN_SUSPICIOUS_MOVE = YES;
				CLANG_WARN_UNGUARDED_AVAILABILITY = YES_AGGRESSIVE;
				CLANG_WARN_UNREACHABLE_CODE = YES;
				CLANG_WARN__DUPLICATE_METHOD_MATCH = YES;
				CODE_SIGN_IDENTITY = "iPhone Developer";
				COPY_PHASE_STRIP = NO;
				DEBUG_INFORMATION_FORMAT = dwarf;
				ENABLE_STRICT_OBJC_MSGSEND = YES;
				ENABLE_TESTABILITY = YES;
				GCC_C_LANGUAGE_STANDARD = gnu11;
				GCC_DYNAMIC_NO_PIC = NO;
				GCC_NO_COMMON_BLOCKS = YES;
				GCC_OPTIMIZATION_LEVEL = 0;
				GCC_PREPROCESSOR_DEFINITIONS = (
					"DEBUG=1",
					"$(inherited)",
				);
				GCC_WARN_64_TO_32_BIT_CONVERSION = YES;
				GCC_WARN_ABOUT_RETURN_TYPE = YES_ERROR;
				GCC_WARN_UNDECLARED_SELECTOR = YES;
				GCC_WARN_UNINITIALIZED_AUTOS = YES_AGGRESSIVE;
				GCC_WARN_UNUSED_FUNCTION = YES;
				GCC_WARN_UNUSED_VARIABLE = YES;
				IPHONEOS_DEPLOYMENT_TARGET = 11.2;
				MTL_ENABLE_DEBUG_INFO = YES;
				ONLY_ACTIVE_ARCH = YES;
				SDKROOT = iphoneos;
				SWIFT_ACTIVE_COMPILATION_CONDITIONS = DEBUG;
				SWIFT_OPTIMIZATION_LEVEL = "-Onone";
			};
			name = Debug;
		};
		6E258A7F2012D9D500D8666A /* Release */ = {
			isa = XCBuildConfiguration;
			buildSettings = {
				ALWAYS_SEARCH_USER_PATHS = NO;
				CLANG_ANALYZER_NONNULL = YES;
				CLANG_ANALYZER_NUMBER_OBJECT_CONVERSION = YES_AGGRESSIVE;
				CLANG_CXX_LANGUAGE_STANDARD = "gnu++14";
				CLANG_CXX_LIBRARY = "libc++";
				CLANG_ENABLE_MODULES = YES;
				CLANG_ENABLE_OBJC_ARC = YES;
				CLANG_WARN_BLOCK_CAPTURE_AUTORELEASING = YES;
				CLANG_WARN_BOOL_CONVERSION = YES;
				CLANG_WARN_COMMA = YES;
				CLANG_WARN_CONSTANT_CONVERSION = YES;
				CLANG_WARN_DIRECT_OBJC_ISA_USAGE = YES_ERROR;
				CLANG_WARN_DOCUMENTATION_COMMENTS = YES;
				CLANG_WARN_EMPTY_BODY = YES;
				CLANG_WARN_ENUM_CONVERSION = YES;
				CLANG_WARN_INFINITE_RECURSION = YES;
				CLANG_WARN_INT_CONVERSION = YES;
				CLANG_WARN_NON_LITERAL_NULL_CONVERSION = YES;
				CLANG_WARN_OBJC_LITERAL_CONVERSION = YES;
				CLANG_WARN_OBJC_ROOT_CLASS = YES_ERROR;
				CLANG_WARN_RANGE_LOOP_ANALYSIS = YES;
				CLANG_WARN_STRICT_PROTOTYPES = YES;
				CLANG_WARN_SUSPICIOUS_MOVE = YES;
				CLANG_WARN_UNGUARDED_AVAILABILITY = YES_AGGRESSIVE;
				CLANG_WARN_UNREACHABLE_CODE = YES;
				CLANG_WARN__DUPLICATE_METHOD_MATCH = YES;
				CODE_SIGN_IDENTITY = "iPhone Developer";
				COPY_PHASE_STRIP = NO;
				DEBUG_INFORMATION_FORMAT = "dwarf-with-dsym";
				ENABLE_NS_ASSERTIONS = NO;
				ENABLE_STRICT_OBJC_MSGSEND = YES;
				GCC_C_LANGUAGE_STANDARD = gnu11;
				GCC_NO_COMMON_BLOCKS = YES;
				GCC_WARN_64_TO_32_BIT_CONVERSION = YES;
				GCC_WARN_ABOUT_RETURN_TYPE = YES_ERROR;
				GCC_WARN_UNDECLARED_SELECTOR = YES;
				GCC_WARN_UNINITIALIZED_AUTOS = YES_AGGRESSIVE;
				GCC_WARN_UNUSED_FUNCTION = YES;
				GCC_WARN_UNUSED_VARIABLE = YES;
				IPHONEOS_DEPLOYMENT_TARGET = 11.2;
				MTL_ENABLE_DEBUG_INFO = NO;
				SDKROOT = iphoneos;
				SWIFT_OPTIMIZATION_LEVEL = "-Owholemodule";
				VALIDATE_PRODUCT = YES;
			};
			name = Release;
		};
		6E258A812012D9D500D8666A /* Debug */ = {
			isa = XCBuildConfiguration;
			buildSettings = {
				ASSETCATALOG_COMPILER_APPICON_NAME = AppIcon;
				CODE_SIGN_STYLE = Automatic;
				INFOPLIST_FILE = "$(SRCROOT)/FacebookNewsFeed/Resources/Info.plist";
				IPHONEOS_DEPLOYMENT_TARGET = 10.0;
				LD_RUNPATH_SEARCH_PATHS = "$(inherited) @executable_path/Frameworks";
				PRODUCT_BUNDLE_IDENTIFIER = Lucas.FacebookNewsFeed;
				PRODUCT_NAME = "$(TARGET_NAME)";
				SWIFT_VERSION = 4.0;
				TARGETED_DEVICE_FAMILY = "1,2";
			};
			name = Debug;
		};
		6E258A822012D9D500D8666A /* Release */ = {
			isa = XCBuildConfiguration;
			buildSettings = {
				ASSETCATALOG_COMPILER_APPICON_NAME = AppIcon;
				CODE_SIGN_STYLE = Automatic;
				INFOPLIST_FILE = "$(SRCROOT)/FacebookNewsFeed/Resources/Info.plist";
				IPHONEOS_DEPLOYMENT_TARGET = 10.0;
				LD_RUNPATH_SEARCH_PATHS = "$(inherited) @executable_path/Frameworks";
				PRODUCT_BUNDLE_IDENTIFIER = Lucas.FacebookNewsFeed;
				PRODUCT_NAME = "$(TARGET_NAME)";
				SWIFT_VERSION = 4.0;
				TARGETED_DEVICE_FAMILY = "1,2";
			};
			name = Release;
		};
/* End XCBuildConfiguration section */

/* Begin XCConfigurationList section */
		6E258A692012D9D500D8666A /* Build configuration list for PBXProject "FacebookNewsFeed" */ = {
			isa = XCConfigurationList;
			buildConfigurations = (
				6E258A7E2012D9D500D8666A /* Debug */,
				6E258A7F2012D9D500D8666A /* Release */,
			);
			defaultConfigurationIsVisible = 0;
			defaultConfigurationName = Release;
		};
		6E258A802012D9D500D8666A /* Build configuration list for PBXNativeTarget "FacebookNewsFeed" */ = {
			isa = XCConfigurationList;
			buildConfigurations = (
				6E258A812012D9D500D8666A /* Debug */,
				6E258A822012D9D500D8666A /* Release */,
			);
			defaultConfigurationIsVisible = 0;
			defaultConfigurationName = Release;
		};
/* End XCConfigurationList section */
	};
	rootObject = 6E258A662012D9D500D8666A /* Project object */;
}
